
Microsoft Visual Studio Solution File, Format Version 12.00
# Visual Studio 2013
VisualStudioVersion = 12.0.31101.0
MinimumVisualStudioVersion = 10.0.40219.1
Project("{FAE04EC0-301F-11D3-BF4B-00C04F79EFBC}") = "Ajax无刷新上传", "Ajax无刷新上传\Ajax无刷新上传.csproj", "{22732CFD-53FF-4879-9356-291AB62BEA55}"
EndProject
Global
	GlobalSection(SolutionConfigurationPlatforms) = preSolution
		Debug|Any CPU = Debug|Any CPU
		Release|Any CPU = Release|Any CPU
	EndGlobalSection
	GlobalSection(ProjectConfigurationPlatforms) = postSolution
		{22732CFD-53FF-4879-9356-291AB62BEA55}.Debug|Any CPU.ActiveCfg = Debug|Any CPU
		{22732CFD-53FF-4879-9356-291AB62BEA55}.Debug|Any CPU.Build.0 = Debug|Any CPU
		{22732CFD-53FF-4879-9356-291AB62BEA55}.Release|Any CPU.ActiveCfg = Release|Any CPU
		{22732CFD-53FF-4879-9356-291AB62BEA55}.Release|Any CPU.Build.0 = Release|Any CPU
	EndGlobalSection
	GlobalSection(SolutionProperties) = preSolution
		HideSolutionNode = FALSE
	EndGlobalSection
EndGlobal
